
Microsoft Visual Studio Solution File, Format Version 12.00
# Visual Studio 15
VisualStudioVersion = 15.0.27130.2003
MinimumVisualStudioVersion = 10.0.40219.1
Project("{FAE04EC0-301F-11D3-BF4B-00C04F79EFBC}") = "WinFormDialogTest", "WinFormDialogTest\WinFormDialogTest.csproj", "{98473E86-B829-4B25-B546-33FF0DC052A6}"
EndProject
Global
	GlobalSection(SolutionConfigurationPlatforms) = preSolution
		Debug|Any CPU = Debug|Any CPU
		Release|Any CPU = Release|Any CPU
	EndGlobalSection
	GlobalSection(ProjectConfigurationPlatforms) = postSolution
		{98473E86-B829-4B25-B546-33FF0DC052A6}.Debug|Any CPU.ActiveCfg = Debug|Any CPU
		{98473E86-B829-4B25-B546-33FF0DC052A6}.Debug|Any CPU.Build.0 = Debug|Any CPU
		{98473E86-B829-4B25-B546-33FF0DC052A6}.Release|Any CPU.ActiveCfg = Release|Any CPU
		{98473E86-B829-4B25-B546-33FF0DC052A6}.Release|Any CPU.Build.0 = Release|Any CPU
	EndGlobalSection
	GlobalSection(SolutionProperties) = preSolution
		HideSolutionNode = FALSE
	EndGlobalSection
	GlobalSection(ExtensibilityGlobals) = postSolution
		SolutionGuid = {4744C064-278A-4081-8D32-1DDBD8D7B929}
	EndGlobalSection
EndGlobal
